// !$*UTF8*$!
{
	archiveVersion = 1;
	classes = {
	};
	objectVersion = 46;
	objects = {

/* Begin PBXBuildFile section */
		6F13B8A918A7C7A200215DAB /* Foundation.framework in Frameworks */ = {isa = PBXBuildFile; fileRef = 6F13B8A818A7C7A200215DAB /* Foundation.framework */; };
		6F13B8AB18A7C7A200215DAB /* CoreGraphics.framework in Frameworks */ = {isa = PBXBuildFile; fileRef = 6F13B8AA18A7C7A200215DAB /* CoreGraphics.framework */; };
		6F13B8AD18A7C7A200215DAB /* UIKit.framework in Frameworks */ = {isa = PBXBuildFile; fileRef = 6F13B8AC18A7C7A200215DAB /* UIKit.framework */; };
		6F13B8B318A7C7A200215DAB /* InfoPlist.strings in Resources */ = {isa = PBXBuildFile; fileRef = 6F13B8B118A7C7A200215DAB /* InfoPlist.strings */; };
		6F13B8B518A7C7A200215DAB /* main.m in Sources */ = {isa = PBXBuildFile; fileRef = 6F13B8B418A7C7A200215DAB /* main.m */; };
		6F13B8B918A7C7A200215DAB /* AppDelegate.m in Sources */ = {isa = PBXBuildFile; fileRef = 6F13B8B818A7C7A200215DAB /* AppDelegate.m */; };
		6F13B8BB18A7C7A200215DAB /* Images.xcassets in Resources */ = {isa = PBXBuildFile; fileRef = 6F13B8BA18A7C7A200215DAB /* Images.xcassets */; };
		6F13B8D918A7C7ED00215DAB /* ViewController.m in Sources */ = {isa = PBXBuildFile; fileRef = 6F13B8D718A7C7ED00215DAB /* ViewController.m */; };
		6F13B8E618A7C7FC00215DAB /* UIButton+WithObject.m in Sources */ = {isa = PBXBuildFile; fileRef = 6F13B8E218A7C7FC00215DAB /* UIButton+WithObject.m */; };
		6F333D3918A7CBA6006ACADF /* XCTest.framework in Frameworks */ = {isa = PBXBuildFile; fileRef = 6F13B8C118A7C7A200215DAB /* XCTest.framework */; };
		6F333D3A18A7CBA6006ACADF /* Foundation.framework in Frameworks */ = {isa = PBXBuildFile; fileRef = 6F13B8A818A7C7A200215DAB /* Foundation.framework */; };
		6F333D3B18A7CBA6006ACADF /* UIKit.framework in Frameworks */ = {isa = PBXBuildFile; fileRef = 6F13B8AC18A7C7A200215DAB /* UIKit.framework */; };
		6F333D4118A7CBA6006ACADF /* InfoPlist.strings in Resources */ = {isa = PBXBuildFile; fileRef = 6F333D3F18A7CBA6006ACADF /* InfoPlist.strings */; };
		6F333D4318A7CBA6006ACADF /* UIButton_WithObjectTests.m in Sources */ = {isa = PBXBuildFile; fileRef = 6F333D4218A7CBA6006ACADF /* UIButton_WithObjectTests.m */; };
/* End PBXBuildFile section */

/* Begin PBXContainerItemProxy section */
		6F333D4518A7CBA6006ACADF /* PBXContainerItemProxy */ = {
			isa = PBXContainerItemProxy;
			containerPortal = 6F13B89D18A7C7A200215DAB /* Project object */;
			proxyType = 1;
			remoteGlobalIDString = 6F13B8A418A7C7A200215DAB;
			remoteInfo = DemoApp;
		};
/* End PBXContainerItemProxy section */

/* Begin PBXFileReference section */
		6F13B8A518A7C7A200215DAB /* DemoApp.app */ = {isa = PBXFileReference; explicitFileType = wrapper.application; includeInIndex = 0; path = DemoApp.app; sourceTree = BUILT_PRODUCTS_DIR; };
		6F13B8A818A7C7A200215DAB /* Foundation.framework */ = {isa = PBXFileReference; lastKnownFileType = wrapper.framework; name = Foundation.framework; path = System/Library/Frameworks/Foundation.framework; sourceTree = SDKROOT; };
		6F13B8AA18A7C7A200215DAB /* CoreGraphics.framework */ = {isa = PBXFileReference; lastKnownFileType = wrapper.framework; name = CoreGraphics.framework; path = System/Library/Frameworks/CoreGraphics.framework; sourceTree = SDKROOT; };
		6F13B8AC18A7C7A200215DAB /* UIKit.framework */ = {isa = PBXFileReference; lastKnownFileType = wrapper.framework; name = UIKit.framework; path = System/Library/Frameworks/UIKit.framework; sourceTree = SDKROOT; };
		6F13B8B018A7C7A200215DAB /* DemoApp-Info.plist */ = {isa = PBXFileReference; lastKnownFileType = text.plist.xml; path = "DemoApp-Info.plist"; sourceTree = "<group>"; };
		6F13B8B218A7C7A200215DAB /* en */ = {isa = PBXFileReference; lastKnownFileType = text.plist.strings; name = en; path = en.lproj/InfoPlist.strings; sourceTree = "<group>"; };
		6F13B8B418A7C7A200215DAB /* main.m */ = {isa = PBXFileReference; lastKnownFileType = sourcecode.c.objc; path = main.m; sourceTree = "<group>"; };
		6F13B8B618A7C7A200215DAB /* DemoApp-Prefix.pch */ = {isa = PBXFileReference; lastKnownFileType = sourcecode.c.h; path = "DemoApp-Prefix.pch"; sourceTree = "<group>"; };
		6F13B8B718A7C7A200215DAB /* AppDelegate.h */ = {isa = PBXFileReference; lastKnownFileType = sourcecode.c.h; path = AppDelegate.h; sourceTree = "<group>"; };
		6F13B8B818A7C7A200215DAB /* AppDelegate.m */ = {isa = PBXFileReference; lastKnownFileType = sourcecode.c.objc; path = AppDelegate.m; sourceTree = "<group>"; };
		6F13B8BA18A7C7A200215DAB /* Images.xcassets */ = {isa = PBXFileReference; lastKnownFileType = folder.assetcatalog; path = Images.xcassets; sourceTree = "<group>"; };
		6F13B8C118A7C7A200215DAB /* XCTest.framework */ = {isa = PBXFileReference; lastKnownFileType = wrapper.framework; name = XCTest.framework; path = Library/Frameworks/XCTest.framework; sourceTree = DEVELOPER_DIR; };
		6F13B8D718A7C7ED00215DAB /* ViewController.m */ = {isa = PBXFileReference; fileEncoding = 4; lastKnownFileType = sourcecode.c.objc; path = ViewController.m; sourceTree = "<group>"; };
		6F13B8D818A7C7ED00215DAB /* ViewController.h */ = {isa = PBXFileReference; fileEncoding = 4; lastKnownFileType = sourcecode.c.h; path = ViewController.h; sourceTree = "<group>"; };
		6F13B8E118A7C7FC00215DAB /* UIButton+WithObject.h */ = {isa = PBXFileReference; fileEncoding = 4; lastKnownFileType = sourcecode.c.h; path = "UIButton+WithObject.h"; sourceTree = "<group>"; };
		6F13B8E218A7C7FC00215DAB /* UIButton+WithObject.m */ = {isa = PBXFileReference; fileEncoding = 4; lastKnownFileType = sourcecode.c.objc; path = "UIButton+WithObject.m"; sourceTree = "<group>"; };
		6F333D3818A7CBA6006ACADF /* UIButton+WithObjectTests.xctest */ = {isa = PBXFileReference; explicitFileType = wrapper.cfbundle; includeInIndex = 0; path = "UIButton+WithObjectTests.xctest"; sourceTree = BUILT_PRODUCTS_DIR; };
		6F333D3E18A7CBA6006ACADF /* UIButton+WithObjectTests-Info.plist */ = {isa = PBXFileReference; lastKnownFileType = text.plist.xml; path = "UIButton+WithObjectTests-Info.plist"; sourceTree = "<group>"; };
		6F333D4018A7CBA6006ACADF /* en */ = {isa = PBXFileReference; lastKnownFileType = text.plist.strings; name = en; path = en.lproj/InfoPlist.strings; sourceTree = "<group>"; };
		6F333D4218A7CBA6006ACADF /* UIButton_WithObjectTests.m */ = {isa = PBXFileReference; lastKnownFileType = sourcecode.c.objc; path = UIButton_WithObjectTests.m; sourceTree = "<group>"; };
		6F333D4418A7CBA6006ACADF /* UIButton+WithObjectTests-Prefix.pch */ = {isa = PBXFileReference; lastKnownFileType = sourcecode.c.h; path = "UIButton+WithObjectTests-Prefix.pch"; sourceTree = "<group>"; };
/* End PBXFileReference section */

/* Begin PBXFrameworksBuildPhase section */
		6F13B8A218A7C7A200215DAB /* Frameworks */ = {
			isa = PBXFrameworksBuildPhase;
			buildActionMask = 2147483647;
			files = (
				6F13B8AB18A7C7A200215DAB /* CoreGraphics.framework in Frameworks */,
				6F13B8AD18A7C7A200215DAB /* UIKit.framework in Frameworks */,
				6F13B8A918A7C7A200215DAB /* Foundation.framework in Frameworks */,
			);
			runOnlyForDeploymentPostprocessing = 0;
		};
		6F333D3518A7CBA6006ACADF /* Frameworks */ = {
			isa = PBXFrameworksBuildPhase;
			buildActionMask = 2147483647;
			files = (
				6F333D3918A7CBA6006ACADF /* XCTest.framework in Frameworks */,
				6F333D3B18A7CBA6006ACADF /* UIKit.framework in Frameworks */,
				6F333D3A18A7CBA6006ACADF /* Foundation.framework in Frameworks */,
			);
			runOnlyForDeploymentPostprocessing = 0;
		};
/* End PBXFrameworksBuildPhase section */

/* Begin PBXGroup section */
		6F13B89C18A7C7A200215DAB = {
			isa = PBXGroup;
			children = (
				6F13B8AE18A7C7A200215DAB /* DemoApp */,
				6F333D3C18A7CBA6006ACADF /* UIButton+WithObjectTests */,
				6F13B8A718A7C7A200215DAB /* Frameworks */,
				6F13B8A618A7C7A200215DAB /* Products */,
			);
			sourceTree = "<group>";
		};
		6F13B8A618A7C7A200215DAB /* Products */ = {
			isa = PBXGroup;
			children = (
				6F13B8A518A7C7A200215DAB /* DemoApp.app */,
				6F333D3818A7CBA6006ACADF /* UIButton+WithObjectTests.xctest */,
			);
			name = Products;
			sourceTree = "<group>";
		};
		6F13B8A718A7C7A200215DAB /* Frameworks */ = {
			isa = PBXGroup;
			children = (
				6F13B8A818A7C7A200215DAB /* Foundation.framework */,
				6F13B8AA18A7C7A200215DAB /* CoreGraphics.framework */,
				6F13B8AC18A7C7A200215DAB /* UIKit.framework */,
				6F13B8C118A7C7A200215DAB /* XCTest.framework */,
			);
			name = Frameworks;
			sourceTree = "<group>";
		};
		6F13B8AE18A7C7A200215DAB /* DemoApp */ = {
			isa = PBXGroup;
			children = (
				6F13B8E018A7C7FC00215DAB /* UIButton+WithObject */,
				6F13B8D818A7C7ED00215DAB /* ViewController.h */,
				6F13B8D718A7C7ED00215DAB /* ViewController.m */,
				6F13B8B718A7C7A200215DAB /* AppDelegate.h */,
				6F13B8B818A7C7A200215DAB /* AppDelegate.m */,
				6F13B8BA18A7C7A200215DAB /* Images.xcassets */,
				6F13B8AF18A7C7A200215DAB /* Supporting Files */,
			);
			path = DemoApp;
			sourceTree = "<group>";
		};
		6F13B8AF18A7C7A200215DAB /* Supporting Files */ = {
			isa = PBXGroup;
			children = (
				6F13B8B018A7C7A200215DAB /* DemoApp-Info.plist */,
				6F13B8B118A7C7A200215DAB /* InfoPlist.strings */,
				6F13B8B418A7C7A200215DAB /* main.m */,
				6F13B8B618A7C7A200215DAB /* DemoApp-Prefix.pch */,
			);
			name = "Supporting Files";
			sourceTree = "<group>";
		};
		6F13B8E018A7C7FC00215DAB /* UIButton+WithObject */ = {
			isa = PBXGroup;
			children = (
				6F13B8E118A7C7FC00215DAB /* UIButton+WithObject.h */,
				6F13B8E218A7C7FC00215DAB /* UIButton+WithObject.m */,
			);
			path = "UIButton+WithObject";
			sourceTree = SOURCE_ROOT;
		};
		6F333D3C18A7CBA6006ACADF /* UIButton+WithObjectTests */ = {
			isa = PBXGroup;
			children = (
				6F333D4218A7CBA6006ACADF /* UIButton_WithObjectTests.m */,
				6F333D3D18A7CBA6006ACADF /* Supporting Files */,
			);
			path = "UIButton+WithObjectTests";
			sourceTree = "<group>";
		};
		6F333D3D18A7CBA6006ACADF /* Supporting Files */ = {
			isa = PBXGroup;
			children = (
				6F333D3E18A7CBA6006ACADF /* UIButton+WithObjectTests-Info.plist */,
				6F333D3F18A7CBA6006ACADF /* InfoPlist.strings */,
				6F333D4418A7CBA6006ACADF /* UIButton+WithObjectTests-Prefix.pch */,
			);
			name = "Supporting Files";
			sourceTree = "<group>";
		};
/* End PBXGroup section */

/* Begin PBXNativeTarget section */
		6F13B8A418A7C7A200215DAB /* DemoApp */ = {
			isa = PBXNativeTarget;
			buildConfigurationList = 6F13B8D118A7C7A200215DAB /* Build configuration list for PBXNativeTarget "DemoApp" */;
			buildPhases = (
				6F13B8A118A7C7A200215DAB /* Sources */,
				6F13B8A218A7C7A200215DAB /* Frameworks */,
				6F13B8A318A7C7A200215DAB /* Resources */,
			);
			buildRules = (
			);
			dependencies = (
			);
			name = DemoApp;
			productName = DemoApp;
			productReference = 6F13B8A518A7C7A200215DAB /* DemoApp.app */;
			productType = "com.apple.product-type.application";
		};
		6F333D3718A7CBA6006ACADF /* UIButton+WithObjectTests */ = {
			isa = PBXNativeTarget;
			buildConfigurationList = 6F333D4718A7CBA6006ACADF /* Build configuration list for PBXNativeTarget "UIButton+WithObjectTests" */;
			buildPhases = (
				6F333D3418A7CBA6006ACADF /* Sources */,
				6F333D3518A7CBA6006ACADF /* Frameworks */,
				6F333D3618A7CBA6006ACADF /* Resources */,
			);
			buildRules = (
			);
			dependencies = (
				6F333D4618A7CBA6006ACADF /* PBXTargetDependency */,
			);
			name = "UIButton+WithObjectTests";
			productName = "UIButton+WithObjectTests";
			productReference = 6F333D3818A7CBA6006ACADF /* UIButton+WithObjectTests.xctest */;
			productType = "com.apple.product-type.bundle.unit-test";
		};
/* End PBXNativeTarget section */

/* Begin PBXProject section */
		6F13B89D18A7C7A200215DAB /* Project object */ = {
			isa = PBXProject;
			attributes = {
				LastUpgradeCheck = 0510;
				ORGANIZATIONNAME = woxtu;
				TargetAttributes = {
					6F333D3718A7CBA6006ACADF = {
						TestTargetID = 6F13B8A418A7C7A200215DAB;
					};
				};
			};
			buildConfigurationList = 6F13B8A018A7C7A200215DAB /* Build configuration list for PBXProject "DemoApp" */;
			compatibilityVersion = "Xcode 3.2";
			developmentRegion = English;
			hasScannedForEncodings = 0;
			knownRegions = (
				en,
			);
			mainGroup = 6F13B89C18A7C7A200215DAB;
			productRefGroup = 6F13B8A618A7C7A200215DAB /* Products */;
			projectDirPath = "";
			projectRoot = "";
			targets = (
				6F13B8A418A7C7A200215DAB /* DemoApp */,
				6F333D3718A7CBA6006ACADF /* UIButton+WithObjectTests */,
			);
		};
/* End PBXProject section */

/* Begin PBXResourcesBuildPhase section */
		6F13B8A318A7C7A200215DAB /* Resources */ = {
			isa = PBXResourcesBuildPhase;
			buildActionMask = 2147483647;
			files = (
				6F13B8B318A7C7A200215DAB /* InfoPlist.strings in Resources */,
				6F13B8BB18A7C7A200215DAB /* Images.xcassets in Resources */,
			);
			runOnlyForDeploymentPostprocessing = 0;
		};
		6F333D3618A7CBA6006ACADF /* Resources */ = {
			isa = PBXResourcesBuildPhase;
			buildActionMask = 2147483647;
			files = (
				6F333D4118A7CBA6006ACADF /* InfoPlist.strings in Resources */,
			);
			runOnlyForDeploymentPostprocessing = 0;
		};
/* End PBXResourcesBuildPhase section */

/* Begin PBXSourcesBuildPhase section */
		6F13B8A118A7C7A200215DAB /* Sources */ = {
			isa = PBXSourcesBuildPhase;
			buildActionMask = 2147483647;
			files = (
				6F13B8D918A7C7ED00215DAB /* ViewController.m in Sources */,
				6F13B8B918A7C7A200215DAB /* AppDelegate.m in Sources */,
				6F13B8B518A7C7A200215DAB /* main.m in Sources */,
				6F13B8E618A7C7FC00215DAB /* UIButton+WithObject.m in Sources */,
			);
			runOnlyForDeploymentPostprocessing = 0;
		};
		6F333D3418A7CBA6006ACADF /* Sources */ = {
			isa = PBXSourcesBuildPhase;
			buildActionMask = 2147483647;
			files = (
				6F333D4318A7CBA6006ACADF /* UIButton_WithObjectTests.m in Sources */,
			);
			runOnlyForDeploymentPostprocessing = 0;
		};
/* End PBXSourcesBuildPhase section */

/* Begin PBXTargetDependency section */
		6F333D4618A7CBA6006ACADF /* PBXTargetDependency */ = {
			isa = PBXTargetDependency;
			target = 6F13B8A418A7C7A200215DAB /* DemoApp */;
			targetProxy = 6F333D4518A7CBA6006ACADF /* PBXContainerItemProxy */;
		};
/* End PBXTargetDependency section */

/* Begin PBXVariantGroup section */
		6F13B8B118A7C7A200215DAB /* InfoPlist.strings */ = {
			isa = PBXVariantGroup;
			children = (
				6F13B8B218A7C7A200215DAB /* en */,
			);
			name = InfoPlist.strings;
			sourceTree = "<group>";
		};
		6F333D3F18A7CBA6006ACADF /* InfoPlist.strings */ = {
			isa = PBXVariantGroup;
			children = (
				6F333D4018A7CBA6006ACADF /* en */,
			);
			name = InfoPlist.strings;
			sourceTree = "<group>";
		};
/* End PBXVariantGroup section */

/* Begin XCBuildConfiguration section */
		6F13B8CF18A7C7A200215DAB /* Debug */ = {
			isa = XCBuildConfiguration;
			buildSettings = {
				ALWAYS_SEARCH_USER_PATHS = NO;
				CLANG_CXX_LANGUAGE_STANDARD = "gnu++0x";
				CLANG_CXX_LIBRARY = "libc++";
				CLANG_ENABLE_MODULES = YES;
				CLANG_ENABLE_OBJC_ARC = YES;
				CLANG_WARN_BOOL_CONVERSION = YES;
				CLANG_WARN_CONSTANT_CONVERSION = YES;
				CLANG_WARN_DIRECT_OBJC_ISA_USAGE = YES_ERROR;
				CLANG_WARN_EMPTY_BODY = YES;
				CLANG_WARN_ENUM_CONVERSION = YES;
				CLANG_WARN_INT_CONVERSION = YES;
				CLANG_WARN_OBJC_ROOT_CLASS = YES_ERROR;
				CLANG_WARN__DUPLICATE_METHOD_MATCH = YES;
				"CODE_SIGN_IDENTITY[sdk=iphoneos*]" = "iPhone Developer";
				COPY_PHASE_STRIP = NO;
				GCC_C_LANGUAGE_STANDARD = gnu99;
				GCC_DYNAMIC_NO_PIC = NO;
				GCC_OPTIMIZATION_LEVEL = 0;
				GCC_PREPROCESSOR_DEFINITIONS = (
					"DEBUG=1",
					"$(inherited)",
				);
				GCC_SYMBOLS_PRIVATE_EXTERN = NO;
				GCC_WARN_64_TO_32_BIT_CONVERSION = YES;
				GCC_WARN_ABOUT_RETURN_TYPE = YES_ERROR;
				GCC_WARN_UNDECLARED_SELECTOR = YES;
				GCC_WARN_UNINITIALIZED_AUTOS = YES;
				GCC_WARN_UNUSED_FUNCTION = YES;
				GCC_WARN_UNUSED_VARIABLE = YES;
				IPHONEOS_DEPLOYMENT_TARGET = 7.0;
				ONLY_ACTIVE_ARCH = YES;
				SDKROOT = iphoneos;
			};
			name = Debug;
		};
		6F13B8D018A7C7A200215DAB /* Release */ = {
			isa = XCBuildConfiguration;
			buildSettings = {
				ALWAYS_SEARCH_USER_PATHS = NO;
				CLANG_CXX_LANGUAGE_STANDARD = "gnu++0x";
				CLANG_CXX_LIBRARY = "libc++";
				CLANG_ENABLE_MODULES = YES;
				CLANG_ENABLE_OBJC_ARC = YES;
				CLANG_WARN_BOOL_CONVERSION = YES;
				CLANG_WARN_CONSTANT_CONVERSION = YES;
				CLANG_WARN_DIRECT_OBJC_ISA_USAGE = YES_ERROR;
				CLANG_WARN_EMPTY_BODY = YES;
				CLANG_WARN_ENUM_CONVERSION = YES;
				CLANG_WARN_INT_CONVERSION = YES;
				CLANG_WARN_OBJC_ROOT_CLASS = YES_ERROR;
				CLANG_WARN__DUPLICATE_METHOD_MATCH = YES;
				"CODE_SIGN_IDENTITY[sdk=iphoneos*]" = "iPhone Developer";
				COPY_PHASE_STRIP = YES;
				ENABLE_NS_ASSERTIONS = NO;
				GCC_C_LANGUAGE_STANDARD = gnu99;
				GCC_WARN_64_TO_32_BIT_CONVERSION = YES;
				GCC_WARN_ABOUT_RETURN_TYPE = YES_ERROR;
				GCC_WARN_UNDECLARED_SELECTOR = YES;
				GCC_WARN_UNINITIALIZED_AUTOS = YES;
				GCC_WARN_UNUSED_FUNCTION = YES;
				GCC_WARN_UNUSED_VARIABLE = YES;
				IPHONEOS_DEPLOYMENT_TARGET = 7.0;
				SDKROOT = iphoneos;
				VALIDATE_PRODUCT = YES;
			};
			name = Release;
		};
		6F13B8D218A7C7A200215DAB /* Debug */ = {
			isa = XCBuildConfiguration;
			buildSettings = {
				ASSETCATALOG_COMPILER_APPICON_NAME = AppIcon;
				ASSETCATALOG_COMPILER_LAUNCHIMAGE_NAME = LaunchImage;
				GCC_PRECOMPILE_PREFIX_HEADER = YES;
				GCC_PREFIX_HEADER = "DemoApp/DemoApp-Prefix.pch";
				INFOPLIST_FILE = "DemoApp/DemoApp-Info.plist";
				PRODUCT_NAME = "$(TARGET_NAME)";
				WRAPPER_EXTENSION = app;
			};
			name = Debug;
		};
		6F13B8D318A7C7A200215DAB /* Release */ = {
			isa = XCBuildConfiguration;
			buildSettings = {
				ASSETCATALOG_COMPILER_APPICON_NAME = AppIcon;
				ASSETCATALOG_COMPILER_LAUNCHIMAGE_NAME = LaunchImage;
				GCC_PRECOMPILE_PREFIX_HEADER = YES;
				GCC_PREFIX_HEADER = "DemoApp/DemoApp-Prefix.pch";
				INFOPLIST_FILE = "DemoApp/DemoApp-Info.plist";
				PRODUCT_NAME = "$(TARGET_NAME)";
				WRAPPER_EXTENSION = app;
			};
			name = Release;
		};
		6F333D4818A7CBA6006ACADF /* Debug */ = {
			isa = XCBuildConfiguration;
			buildSettings = {
				BUNDLE_LOADER = "$(BUILT_PRODUCTS_DIR)/DemoApp.app/DemoApp";
				FRAMEWORK_SEARCH_PATHS = (
					"$(SDKROOT)/Developer/Library/Frameworks",
					"$(inherited)",
					"$(DEVELOPER_FRAMEWORKS_DIR)",
				);
				GCC_PRECOMPILE_PREFIX_HEADER = YES;
				GCC_PREFIX_HEADER = "UIButton+WithObjectTests/UIButton+WithObjectTests-Prefix.pch";
				GCC_PREPROCESSOR_DEFINITIONS = (
					"DEBUG=1",
					"$(inherited)",
				);
				INFOPLIST_FILE = "UIButton+WithObjectTests/UIButton+WithObjectTests-Info.plist";
				PRODUCT_NAME = "$(TARGET_NAME)";
				TEST_HOST = "$(BUNDLE_LOADER)";
				WRAPPER_EXTENSION = xctest;
			};
			name = Debug;
		};
		6F333D4918A7CBA6006ACADF /* Release */ = {
			isa = XCBuildConfiguration;
			buildSettings = {
				BUNDLE_LOADER = "$(BUILT_PRODUCTS_DIR)/DemoApp.app/DemoApp";
				FRAMEWORK_SEARCH_PATHS = (
					"$(SDKROOT)/Developer/Library/Frameworks",
					"$(inherited)",
					"$(DEVELOPER_FRAMEWORKS_DIR)",
				);
				GCC_PRECOMPILE_PREFIX_HEADER = YES;
				GCC_PREFIX_HEADER = "UIButton+WithObjectTests/UIButton+WithObjectTests-Prefix.pch";
				INFOPLIST_FILE = "UIButton+WithObjectTests/UIButton+WithObjectTests-Info.plist";
				PRODUCT_NAME = "$(TARGET_NAME)";
				TEST_HOST = "$(BUNDLE_LOADER)";
				WRAPPER_EXTENSION = xctest;
			};
			name = Release;
		};
/* End XCBuildConfiguration section */

/* Begin XCConfigurationList section */
		6F13B8A018A7C7A200215DAB /* Build configuration list for PBXProject "DemoApp" */ = {
			isa = XCConfigurationList;
			buildConfigurations = (
				6F13B8CF18A7C7A200215DAB /* Debug */,
				6F13B8D018A7C7A200215DAB /* Release */,
			);
			defaultConfigurationIsVisible = 0;
			defaultConfigurationName = Release;
		};
		6F13B8D118A7C7A200215DAB /* Build configuration list for PBXNativeTarget "DemoApp" */ = {
			isa = XCConfigurationList;
			buildConfigurations = (
				6F13B8D218A7C7A200215DAB /* Debug */,
				6F13B8D318A7C7A200215DAB /* Release */,
			);
			defaultConfigurationIsVisible = 0;
			defaultConfigurationName = Release;
		};
		6F333D4718A7CBA6006ACADF /* Build configuration list for PBXNativeTarget "UIButton+WithObjectTests" */ = {
			isa = XCConfigurationList;
			buildConfigurations = (
				6F333D4818A7CBA6006ACADF /* Debug */,
				6F333D4918A7CBA6006ACADF /* Release */,
			);
			defaultConfigurationIsVisible = 0;
			defaultConfigurationName = Release;
		};
/* End XCConfigurationList section */
	};
	rootObject = 6F13B89D18A7C7A200215DAB /* Project object */;
}
